
Microsoft Visual Studio Solution File, Format Version 12.00
# Visual Studio Version 17
VisualStudioVersion = 17.5.33530.505
MinimumVisualStudioVersion = 15.0.26124.0
Project("{9A19103F-16F7-4668-BE54-9A1E7A4F7556}") = "aspnetapp", "aspnetapp\aspnetapp.csproj", "{5FDCC1ED-9F59-47ED-969D-5E463CDD8D52}"
EndProject
Project("{2150E333-8FDC-42A3-9474-1A3956D46DE8}") = "Solution Items", "Solution Items", "{1E1C7ABA-885A-4273-811E-B66AD28F9A87}"
	ProjectSection(SolutionItems) = preProject
		.dockerignore = .dockerignore
		aspnet-docker-dev-in-container.md = aspnet-docker-dev-in-container.md
		aspnetcore-docker-arm32.md = aspnetcore-docker-arm32.md
		aspnetcore-docker-arm64.md = aspnetcore-docker-arm64.md
		deploy-container-to-aci.md = deploy-container-to-aci.md
		Directory.Build.props = Directory.Build.props
		Dockerfile = Dockerfile
		README.md = README.md
	EndProjectSection
EndProject
Project("{9A19103F-16F7-4668-BE54-9A1E7A4F7556}") = "DataBase", "DataBase\DataBase.csproj", "{B143757A-F674-482F-979E-E249F8F36772}"
EndProject
Project("{9A19103F-16F7-4668-BE54-9A1E7A4F7556}") = "Models", "Models\Models.csproj", "{51198753-6D84-4E80-B583-DC220AA3D140}"
EndProject
Project("{9A19103F-16F7-4668-BE54-9A1E7A4F7556}") = "Service", "Service\Service.csproj", "{A6E442DB-C2CB-48AF-B65D-17CA3A554665}"
EndProject
Project("{FAE04EC0-301F-11D3-BF4B-00C04F79EFBC}") = "Common", "Common\Common.csproj", "{72E5B760-FF9A-44F6-A1B9-FE47819FF4D8}"
EndProject
Global
	GlobalSection(SolutionConfigurationPlatforms) = preSolution
		Debug|Any CPU = Debug|Any CPU
		Debug|x64 = Debug|x64
		Debug|x86 = Debug|x86
		Release|Any CPU = Release|Any CPU
		Release|x64 = Release|x64
		Release|x86 = Release|x86
	EndGlobalSection
	GlobalSection(ProjectConfigurationPlatforms) = postSolution
		{5FDCC1ED-9F59-47ED-969D-5E463CDD8D52}.Debug|Any CPU.ActiveCfg = Debug|Any CPU
		{5FDCC1ED-9F59-47ED-969D-5E463CDD8D52}.Debug|Any CPU.Build.0 = Debug|Any CPU
		{5FDCC1ED-9F59-47ED-969D-5E463CDD8D52}.Debug|x64.ActiveCfg = Debug|Any CPU
		{5FDCC1ED-9F59-47ED-969D-5E463CDD8D52}.Debug|x64.Build.0 = Debug|Any CPU
		{5FDCC1ED-9F59-47ED-969D-5E463CDD8D52}.Debug|x86.ActiveCfg = Debug|Any CPU
		{5FDCC1ED-9F59-47ED-969D-5E463CDD8D52}.Debug|x86.Build.0 = Debug|Any CPU
		{5FDCC1ED-9F59-47ED-969D-5E463CDD8D52}.Release|Any CPU.ActiveCfg = Release|Any CPU
		{5FDCC1ED-9F59-47ED-969D-5E463CDD8D52}.Release|Any CPU.Build.0 = Release|Any CPU
		{5FDCC1ED-9F59-47ED-969D-5E463CDD8D52}.Release|x64.ActiveCfg = Release|Any CPU
		{5FDCC1ED-9F59-47ED-969D-5E463CDD8D52}.Release|x64.Build.0 = Release|Any CPU
		{5FDCC1ED-9F59-47ED-969D-5E463CDD8D52}.Release|x86.ActiveCfg = Release|Any CPU
		{5FDCC1ED-9F59-47ED-969D-5E463CDD8D52}.Release|x86.Build.0 = Release|Any CPU
		{B143757A-F674-482F-979E-E249F8F36772}.Debug|Any CPU.ActiveCfg = Debug|Any CPU
		{B143757A-F674-482F-979E-E249F8F36772}.Debug|Any CPU.Build.0 = Debug|Any CPU
		{B143757A-F674-482F-979E-E249F8F36772}.Debug|x64.ActiveCfg = Debug|Any CPU
		{B143757A-F674-482F-979E-E249F8F36772}.Debug|x64.Build.0 = Debug|Any CPU
		{B143757A-F674-482F-979E-E249F8F36772}.Debug|x86.ActiveCfg = Debug|Any CPU
		{B143757A-F674-482F-979E-E249F8F36772}.Debug|x86.Build.0 = Debug|Any CPU
		{B143757A-F674-482F-979E-E249F8F36772}.Release|Any CPU.ActiveCfg = Release|Any CPU
		{B143757A-F674-482F-979E-E249F8F36772}.Release|Any CPU.Build.0 = Release|Any CPU
		{B143757A-F674-482F-979E-E249F8F36772}.Release|x64.ActiveCfg = Release|Any CPU
		{B143757A-F674-482F-979E-E249F8F36772}.Release|x64.Build.0 = Release|Any CPU
		{B143757A-F674-482F-979E-E249F8F36772}.Release|x86.ActiveCfg = Release|Any CPU
		{B143757A-F674-482F-979E-E249F8F36772}.Release|x86.Build.0 = Release|Any CPU
		{51198753-6D84-4E80-B583-DC220AA3D140}.Debug|Any CPU.ActiveCfg = Debug|Any CPU
		{51198753-6D84-4E80-B583-DC220AA3D140}.Debug|Any CPU.Build.0 = Debug|Any CPU
		{51198753-6D84-4E80-B583-DC220AA3D140}.Debug|x64.ActiveCfg = Debug|Any CPU
		{51198753-6D84-4E80-B583-DC220AA3D140}.Debug|x64.Build.0 = Debug|Any CPU
		{51198753-6D84-4E80-B583-DC220AA3D140}.Debug|x86.ActiveCfg = Debug|Any CPU
		{51198753-6D84-4E80-B583-DC220AA3D140}.Debug|x86.Build.0 = Debug|Any CPU
		{51198753-6D84-4E80-B583-DC220AA3D140}.Release|Any CPU.ActiveCfg = Release|Any CPU
		{51198753-6D84-4E80-B583-DC220AA3D140}.Release|Any CPU.Build.0 = Release|Any CPU
		{51198753-6D84-4E80-B583-DC220AA3D140}.Release|x64.ActiveCfg = Release|Any CPU
		{51198753-6D84-4E80-B583-DC220AA3D140}.Release|x64.Build.0 = Release|Any CPU
		{51198753-6D84-4E80-B583-DC220AA3D140}.Release|x86.ActiveCfg = Release|Any CPU
		{51198753-6D84-4E80-B583-DC220AA3D140}.Release|x86.Build.0 = Release|Any CPU
		{A6E442DB-C2CB-48AF-B65D-17CA3A554665}.Debug|Any CPU.ActiveCfg = Debug|Any CPU
		{A6E442DB-C2CB-48AF-B65D-17CA3A554665}.Debug|Any CPU.Build.0 = Debug|Any CPU
		{A6E442DB-C2CB-48AF-B65D-17CA3A554665}.Debug|x64.ActiveCfg = Debug|Any CPU
		{A6E442DB-C2CB-48AF-B65D-17CA3A554665}.Debug|x64.Build.0 = Debug|Any CPU
		{A6E442DB-C2CB-48AF-B65D-17CA3A554665}.Debug|x86.ActiveCfg = Debug|Any CPU
		{A6E442DB-C2CB-48AF-B65D-17CA3A554665}.Debug|x86.Build.0 = Debug|Any CPU
		{A6E442DB-C2CB-48AF-B65D-17CA3A554665}.Release|Any CPU.ActiveCfg = Release|Any CPU
		{A6E442DB-C2CB-48AF-B65D-17CA3A554665}.Release|Any CPU.Build.0 = Release|Any CPU
		{A6E442DB-C2CB-48AF-B65D-17CA3A554665}.Release|x64.ActiveCfg = Release|Any CPU
		{A6E442DB-C2CB-48AF-B65D-17CA3A554665}.Release|x64.Build.0 = Release|Any CPU
		{A6E442DB-C2CB-48AF-B65D-17CA3A554665}.Release|x86.ActiveCfg = Release|Any CPU
		{A6E442DB-C2CB-48AF-B65D-17CA3A554665}.Release|x86.Build.0 = Release|Any CPU
		{72E5B760-FF9A-44F6-A1B9-FE47819FF4D8}.Debug|Any CPU.ActiveCfg = Debug|Any CPU
		{72E5B760-FF9A-44F6-A1B9-FE47819FF4D8}.Debug|Any CPU.Build.0 = Debug|Any CPU
		{72E5B760-FF9A-44F6-A1B9-FE47819FF4D8}.Debug|x64.ActiveCfg = Debug|Any CPU
		{72E5B760-FF9A-44F6-A1B9-FE47819FF4D8}.Debug|x64.Build.0 = Debug|Any CPU
		{72E5B760-FF9A-44F6-A1B9-FE47819FF4D8}.Debug|x86.ActiveCfg = Debug|Any CPU
		{72E5B760-FF9A-44F6-A1B9-FE47819FF4D8}.Debug|x86.Build.0 = Debug|Any CPU
		{72E5B760-FF9A-44F6-A1B9-FE47819FF4D8}.Release|Any CPU.ActiveCfg = Release|Any CPU
		{72E5B760-FF9A-44F6-A1B9-FE47819FF4D8}.Release|Any CPU.Build.0 = Release|Any CPU
		{72E5B760-FF9A-44F6-A1B9-FE47819FF4D8}.Release|x64.ActiveCfg = Release|Any CPU
		{72E5B760-FF9A-44F6-A1B9-FE47819FF4D8}.Release|x64.Build.0 = Release|Any CPU
		{72E5B760-FF9A-44F6-A1B9-FE47819FF4D8}.Release|x86.ActiveCfg = Release|Any CPU
		{72E5B760-FF9A-44F6-A1B9-FE47819FF4D8}.Release|x86.Build.0 = Release|Any CPU
	EndGlobalSection
	GlobalSection(SolutionProperties) = preSolution
		HideSolutionNode = FALSE
	EndGlobalSection
	GlobalSection(ExtensibilityGlobals) = postSolution
		SolutionGuid = {C9A7C5A2-5C90-4AD9-ABB8-6F2D2364D5AF}
	EndGlobalSection
EndGlobal
